{
    "_readme": [
        "This file locks the dependencies of your project to a known state",
        "Read more about it at https://getcomposer.org/doc/01-basic-usage.md#installing-dependencies",
        "This file is @generated automatically"
    ],
    "content-hash": "adb1a5da5d53f4e7e726f384061cda29",
    "packages": [
        {
            "name": "libra-php/nebula-framework",
            "version": "dev-main",
            "source": {
                "type": "git",
                "url": "https://github.com/libra-php/nebula-framework.git",
                "reference": "16ae6bdbb6c6340f40bf17fdc1e7f7c0aa1051ab"
            },
            "dist": {
                "type": "zip",
                "url": "https://api.github.com/repos/libra-php/nebula-framework/zipball/16ae6bdbb6c6340f40bf17fdc1e7f7c0aa1051ab",
                "reference": "16ae6bdbb6c6340f40bf17fdc1e7f7c0aa1051ab",
                "shasum": ""
            },
            "default-branch": true,
            "type": "library",
            "autoload": {
                "psr-4": {
                    "Nebula\\Framework\\": "src/"
                }
            },
            "notification-url": "https://packagist.org/downloads/",
            "license": [
                "MIT"
            ],
            "authors": [
                {
                    "name": "William Hleucka",
                    "email": "william.hleucka@gmail.com"
                }
            ],
            "description": "Nebula framework core library.",
            "support": {
                "issues": "https://github.com/libra-php/nebula-framework/issues",
                "source": "https://github.com/libra-php/nebula-framework/tree/main"
            },
            "time": "2024-02-12T15:41:38+00:00"
        }
    ],
    "packages-dev": [],
    "aliases": [],
    "minimum-stability": "stable",
    "stability-flags": {
        "libra-php/nebula-framework": 20
    },
    "prefer-stable": false,
    "prefer-lowest": false,
    "platform": [],
    "platform-dev": [],
    "plugin-api-version": "2.6.0"
}
