{
    "_readme": [
        "This file locks the dependencies of your project to a known state",
        "Read more about it at https://getcomposer.org/doc/01-basic-usage.md#installing-dependencies",
        "This file is @generated automatically"
    ],
    "content-hash": "9204d15a6bf6904552023bcc42b3f08a",
    "packages": [
        {
            "name": "libra-php/lunar-pdo",
            "version": "dev-main",
            "source": {
                "type": "git",
                "url": "https://github.com/libra-php/lunar-pdo.git",
                "reference": "ab1edc5a6205815375c22d1ccbd2c8af766708e5"
            },
            "dist": {
                "type": "zip",
                "url": "https://api.github.com/repos/libra-php/lunar-pdo/zipball/ab1edc5a6205815375c22d1ccbd2c8af766708e5",
                "reference": "ab1edc5a6205815375c22d1ccbd2c8af766708e5",
                "shasum": ""
            },
            "require": {
                "php": "^7.4 || ^8.0"
            },
            "require-dev": {
                "phpunit/phpunit": "^10"
            },
            "default-branch": true,
            "type": "library",
            "autoload": {
                "psr-4": {
                    "Lunar\\": "src/"
                }
            },
            "notification-url": "https://packagist.org/downloads/",
            "license": [
                "MIT"
            ],
            "authors": [
                {
                    "name": "William Hleucka",
                    "email": "william.hleucka@gmail.com"
                }
            ],
            "description": "Lunar is a powerful PHP library that serves as a comprehensive PDO (PHP Data Objects) wrapper.",
            "support": {
                "issues": "https://github.com/libra-php/lunar-pdo/issues",
                "source": "https://github.com/libra-php/lunar-pdo/tree/main"
            },
            "time": "2024-02-10T21:21:41+00:00"
        },
        {
            "name": "libra-php/nebula-core",
            "version": "dev-main",
            "source": {
                "type": "git",
                "url": "https://github.com/libra-php/nebule-core.git",
                "reference": "0d1378cc2eaf22800792a7965055200c345e7009"
            },
            "dist": {
                "type": "zip",
                "url": "https://api.github.com/repos/libra-php/nebule-core/zipball/0d1378cc2eaf22800792a7965055200c345e7009",
                "reference": "0d1378cc2eaf22800792a7965055200c345e7009",
                "shasum": ""
            },
            "default-branch": true,
            "type": "library",
            "autoload": {
                "psr-4": {
                    "Nebula\\Framework\\": "src/"
                }
            },
            "notification-url": "https://packagist.org/downloads/",
            "license": [
                "MIT"
            ],
            "authors": [
                {
                    "name": "William Hleucka",
                    "email": "william.hleucka@gmail.com"
                }
            ],
            "description": "Nebula framework core library.",
            "support": {
                "issues": "https://github.com/libra-php/nebule-core/issues",
                "source": "https://github.com/libra-php/nebule-core/tree/main"
            },
            "time": "2024-02-10T22:49:44+00:00"
        },
        {
            "name": "libra-php/stellar-router",
            "version": "dev-main",
            "source": {
                "type": "git",
                "url": "https://github.com/libra-php/stellar-router.git",
                "reference": "524e03cff394d7d66f3b7b312e1d1bdd6fb5e4ed"
            },
            "dist": {
                "type": "zip",
                "url": "https://api.github.com/repos/libra-php/stellar-router/zipball/524e03cff394d7d66f3b7b312e1d1bdd6fb5e4ed",
                "reference": "524e03cff394d7d66f3b7b312e1d1bdd6fb5e4ed",
                "shasum": ""
            },
            "require": {
                "php": "^7.4 || ^8.0"
            },
            "require-dev": {
                "phpunit/phpunit": "^10"
            },
            "default-branch": true,
            "type": "library",
            "autoload": {
                "psr-4": {
                    "StellarRouter\\": "src/"
                }
            },
            "notification-url": "https://packagist.org/downloads/",
            "license": [
                "MIT"
            ],
            "authors": [
                {
                    "name": "William Hleucka",
                    "email": "william.hleucka@gmail.com"
                }
            ],
            "description": "StellarRouter is a PHP library that provides a powerful attribute-based router for mapping HTTP requests to request handlers.",
            "support": {
                "issues": "https://github.com/libra-php/stellar-router/issues",
                "source": "https://github.com/libra-php/stellar-router/tree/main"
            },
            "time": "2024-01-15T19:46:34+00:00"
        }
    ],
    "packages-dev": [],
    "aliases": [],
    "minimum-stability": "stable",
    "stability-flags": {
        "libra-php/lunar-pdo": 20,
        "libra-php/nebula-core": 20,
        "libra-php/stellar-router": 20
    },
    "prefer-stable": false,
    "prefer-lowest": false,
    "platform": [],
    "platform-dev": [],
    "plugin-api-version": "2.6.0"
}
